
Microsoft Visual Studio Solution File, Format Version 12.00
# Visual Studio Version 16
VisualStudioVersion = 16.0.31005.135
MinimumVisualStudioVersion = 10.0.40219.1
Project("{FAE04EC0-301F-11D3-BF4B-00C04F79EFBC}") = "ADUsersExtractor", "ADUsersExtractor\ADUsersExtractor.csproj", "{B8966D9A-D291-4D49-BB34-1E1E5D03C9FA}"
EndProject
Project("{FAE04EC0-301F-11D3-BF4B-00C04F79EFBC}") = "ImageEditor", "ImageEditor\ImageEditor.csproj", "{2345A051-F36C-4791-AFB3-529E54BF9B96}"
EndProject
Project("{FAE04EC0-301F-11D3-BF4B-00C04F79EFBC}") = "EmailClient", "EmailClient\EmailClient.csproj", "{5F642866-D245-4C11-ABAD-0EB765A0698B}"
EndProject
Project("{2150E333-8FDC-42A3-9474-1A3956D46DE8}") = "PaymentGateway", "PaymentGateway", "{4D188572-DFAE-4322-ADCB-D119479259EC}"
EndProject
Project("{2150E333-8FDC-42A3-9474-1A3956D46DE8}") = "Paypal", "Paypal", "{A34A15A7-9843-4BBC-9553-C71F70CD3644}"
EndProject
Project("{FAE04EC0-301F-11D3-BF4B-00C04F79EFBC}") = "PaypalTestWinApp", "PaypalTestWinApp\PaypalTestWinApp.csproj", "{DE924465-D90E-4A51-8CD7-BD590F551DD8}"
EndProject
Project("{FAE04EC0-301F-11D3-BF4B-00C04F79EFBC}") = "ScreenSnipper", "ScreenSnipper\ScreenSnipper.csproj", "{5947BA3C-E040-4E86-A79D-B8B52BE18C52}"
EndProject
Project("{FAE04EC0-301F-11D3-BF4B-00C04F79EFBC}") = "ProjectFileEditor", "ProjectFileEditor\ProjectFileEditor.csproj", "{B56CDF11-759E-474F-9E89-000C66CEC02F}"
EndProject
Global
	GlobalSection(SolutionConfigurationPlatforms) = preSolution
		Debug|Any CPU = Debug|Any CPU
		Release|Any CPU = Release|Any CPU
	EndGlobalSection
	GlobalSection(ProjectConfigurationPlatforms) = postSolution
		{B8966D9A-D291-4D49-BB34-1E1E5D03C9FA}.Debug|Any CPU.ActiveCfg = Debug|Any CPU
		{B8966D9A-D291-4D49-BB34-1E1E5D03C9FA}.Debug|Any CPU.Build.0 = Debug|Any CPU
		{B8966D9A-D291-4D49-BB34-1E1E5D03C9FA}.Release|Any CPU.ActiveCfg = Release|Any CPU
		{B8966D9A-D291-4D49-BB34-1E1E5D03C9FA}.Release|Any CPU.Build.0 = Release|Any CPU
		{2345A051-F36C-4791-AFB3-529E54BF9B96}.Debug|Any CPU.ActiveCfg = Debug|Any CPU
		{2345A051-F36C-4791-AFB3-529E54BF9B96}.Debug|Any CPU.Build.0 = Debug|Any CPU
		{2345A051-F36C-4791-AFB3-529E54BF9B96}.Release|Any CPU.ActiveCfg = Release|Any CPU
		{2345A051-F36C-4791-AFB3-529E54BF9B96}.Release|Any CPU.Build.0 = Release|Any CPU
		{5F642866-D245-4C11-ABAD-0EB765A0698B}.Debug|Any CPU.ActiveCfg = Debug|Any CPU
		{5F642866-D245-4C11-ABAD-0EB765A0698B}.Debug|Any CPU.Build.0 = Debug|Any CPU
		{5F642866-D245-4C11-ABAD-0EB765A0698B}.Release|Any CPU.ActiveCfg = Release|Any CPU
		{5F642866-D245-4C11-ABAD-0EB765A0698B}.Release|Any CPU.Build.0 = Release|Any CPU
		{DE924465-D90E-4A51-8CD7-BD590F551DD8}.Debug|Any CPU.ActiveCfg = Debug|Any CPU
		{DE924465-D90E-4A51-8CD7-BD590F551DD8}.Debug|Any CPU.Build.0 = Debug|Any CPU
		{DE924465-D90E-4A51-8CD7-BD590F551DD8}.Release|Any CPU.ActiveCfg = Release|Any CPU
		{DE924465-D90E-4A51-8CD7-BD590F551DD8}.Release|Any CPU.Build.0 = Release|Any CPU
		{5947BA3C-E040-4E86-A79D-B8B52BE18C52}.Debug|Any CPU.ActiveCfg = Debug|Any CPU
		{5947BA3C-E040-4E86-A79D-B8B52BE18C52}.Debug|Any CPU.Build.0 = Debug|Any CPU
		{5947BA3C-E040-4E86-A79D-B8B52BE18C52}.Release|Any CPU.ActiveCfg = Release|Any CPU
		{5947BA3C-E040-4E86-A79D-B8B52BE18C52}.Release|Any CPU.Build.0 = Release|Any CPU
		{B56CDF11-759E-474F-9E89-000C66CEC02F}.Debug|Any CPU.ActiveCfg = Debug|Any CPU
		{B56CDF11-759E-474F-9E89-000C66CEC02F}.Debug|Any CPU.Build.0 = Debug|Any CPU
		{B56CDF11-759E-474F-9E89-000C66CEC02F}.Release|Any CPU.ActiveCfg = Release|Any CPU
		{B56CDF11-759E-474F-9E89-000C66CEC02F}.Release|Any CPU.Build.0 = Release|Any CPU
	EndGlobalSection
	GlobalSection(SolutionProperties) = preSolution
		HideSolutionNode = FALSE
	EndGlobalSection
	GlobalSection(NestedProjects) = preSolution
		{A34A15A7-9843-4BBC-9553-C71F70CD3644} = {4D188572-DFAE-4322-ADCB-D119479259EC}
		{DE924465-D90E-4A51-8CD7-BD590F551DD8} = {A34A15A7-9843-4BBC-9553-C71F70CD3644}
	EndGlobalSection
	GlobalSection(ExtensibilityGlobals) = postSolution
		SolutionGuid = {79ABB5DC-7FF0-42D6-936B-45D1C8956C6E}
	EndGlobalSection
EndGlobal
